{
  "name": "project",
  "version": "1.0.0",
  "lockfileVersion": 3,
  "requires": true,
  "packages": {
    "": {
      "name": "project",
      "version": "1.0.0",
      "license": "ISC",
      "dependencies": {
        "http-lab-kit": "^1.0.2"
      }
    },
    "node_modules/http-lab-kit": {
      "version": "1.0.2",
      "resolved": "https://registry.npmjs.org/http-lab-kit/-/http-lab-kit-1.0.2.tgz",
      "integrity": "sha512-Fxiv4tJOxLcSqbJjMtfXlMpZq9dHn8A55thwuE/XLNa4/atbDRKgn3w+BbsjoT8p7N5JKMsMu+Q2ceObfhgmJw==",
      "license": "MIT"
    }
  }
}
